// !$*UTF8*$!
{
	archiveVersion = 1;
	classes = {
	};
	objectVersion = 77;
	objects = {

/* Begin PBXContainerItemProxy section */
		3BE524432F7E0D1E002D77DE /* PBXContainerItemProxy */ = {
			isa = PBXContainerItemProxy;
			containerPortal = 3BE5242A2F7E0D1D002D77DE /* Project object */;
			proxyType = 1;
			remoteGlobalIDString = 3BE524312F7E0D1D002D77DE;
			remoteInfo = KeyTip;
		};
		3BE5244D2F7E0D1E002D77DE /* PBXContainerItemProxy */ = {
			isa = PBXContainerItemProxy;
			containerPortal = 3BE5242A2F7E0D1D002D77DE /* Project object */;
			proxyType = 1;
			remoteGlobalIDString = 3BE524312F7E0D1D002D77DE;
			remoteInfo = KeyTip;
		};
/* End PBXContainerItemProxy section */

/* Begin PBXFileReference section */
		3BE524322F7E0D1D002D77DE /* KeyTip.app */ = {isa = PBXFileReference; explicitFileType = wrapper.application; includeInIndex = 0; path = KeyTip.app; sourceTree = BUILT_PRODUCTS_DIR; };
		3BE524422F7E0D1E002D77DE /* KeyTipTests.xctest */ = {isa = PBXFileReference; explicitFileType = wrapper.cfbundle; includeInIndex = 0; path = KeyTipTests.xctest; sourceTree = BUILT_PRODUCTS_DIR; };
		3BE5244C2F7E0D1E002D77DE /* KeyTipUITests.xctest */ = {isa = PBXFileReference; explicitFileType = wrapper.cfbundle; includeInIndex = 0; path = KeyTipUITests.xctest; sourceTree = BUILT_PRODUCTS_DIR; };
/* End PBXFileReference section */

/* Begin PBXFileSystemSynchronizedRootGroup section */
		3BE524342F7E0D1D002D77DE /* KeyTip */ = {
			isa = PBXFileSystemSynchronizedRootGroup;
			path = KeyTip;
			sourceTree = "<group>";
		};
		3BE524452F7E0D1E002D77DE /* KeyTipTests */ = {
			isa = PBXFileSystemSynchronizedRootGroup;
			path = KeyTipTests;
			sourceTree = "<group>";
		};
		3BE5244F2F7E0D1E002D77DE /* KeyTipUITests */ = {
			isa = PBXFileSystemSynchronizedRootGroup;
			path = KeyTipUITests;
			sourceTree = "<group>";
		};
/* End PBXFileSystemSynchronizedRootGroup section */

/* Begin PBXFrameworksBuildPhase section */
		3BE5242F2F7E0D1D002D77DE /* Frameworks */ = {
			isa = PBXFrameworksBuildPhase;
			buildActionMask = 2147483647;
			files = (
			);
			runOnlyForDeploymentPostprocessing = 0;
		};
		3BE5243F2F7E0D1E002D77DE /* Frameworks */ = {
			isa = PBXFrameworksBuildPhase;
			buildActionMask = 2147483647;
			files = (
			);
			runOnlyForDeploymentPostprocessing = 0;
		};
		3BE524492F7E0D1E002D77DE /* Frameworks */ = {
			isa = PBXFrameworksBuildPhase;
			buildActionMask = 2147483647;
			files = (
			);
			runOnlyForDeploymentPostprocessing = 0;
		};
/* End PBXFrameworksBuildPhase section */

/* Begin PBXGroup section */
		3BE524292F7E0D1D002D77DE = {
			isa = PBXGroup;
			children = (
				3BE524342F7E0D1D002D77DE /* KeyTip */,
				3BE524452F7E0D1E002D77DE /* KeyTipTests */,
				3BE5244F2F7E0D1E002D77DE /* KeyTipUITests */,
				3BE524332F7E0D1D002D77DE /* Products */,
			);
			sourceTree = "<group>";
		};
		3BE524332F7E0D1D002D77DE /* Products */ = {
			isa = PBXGroup;
			children = (
				3BE524322F7E0D1D002D77DE /* KeyTip.app */,
				3BE524422F7E0D1E002D77DE /* KeyTipTests.xctest */,
				3BE5244C2F7E0D1E002D77DE /* KeyTipUITests.xctest */,
			);
			name = Products;
			sourceTree = "<group>";
		};
/* End PBXGroup section */

/* Begin PBXNativeTarget section */
		3BE524312F7E0D1D002D77DE /* KeyTip */ = {
			isa = PBXNativeTarget;
			buildConfigurationList = 3BE524562F7E0D1E002D77DE /* Build configuration list for PBXNativeTarget "KeyTip" */;
			buildPhases = (
				3BE5242E2F7E0D1D002D77DE /* Sources */,
				3BE5242F2F7E0D1D002D77DE /* Frameworks */,
				3BE524302F7E0D1D002D77DE /* Resources */,
			);
			buildRules = (
			);
			dependencies = (
			);
			fileSystemSynchronizedGroups = (
				3BE524342F7E0D1D002D77DE /* KeyTip */,
			);
			name = KeyTip;
			packageProductDependencies = (
			);
			productName = KeyTip;
			productReference = 3BE524322F7E0D1D002D77DE /* KeyTip.app */;
			productType = "com.apple.product-type.application";
		};
		3BE524412F7E0D1E002D77DE /* KeyTipTests */ = {
			isa = PBXNativeTarget;
			buildConfigurationList = 3BE524592F7E0D1E002D77DE /* Build configuration list for PBXNativeTarget "KeyTipTests" */;
			buildPhases = (
				3BE5243E2F7E0D1E002D77DE /* Sources */,
				3BE5243F2F7E0D1E002D77DE /* Frameworks */,
				3BE524402F7E0D1E002D77DE /* Resources */,
			);
			buildRules = (
			);
			dependencies = (
				3BE524442F7E0D1E002D77DE /* PBXTargetDependency */,
			);
			fileSystemSynchronizedGroups = (
				3BE524452F7E0D1E002D77DE /* KeyTipTests */,
			);
			name = KeyTipTests;
			packageProductDependencies = (
			);
			productName = KeyTipTests;
			productReference = 3BE524422F7E0D1E002D77DE /* KeyTipTests.xctest */;
			productType = "com.apple.product-type.bundle.unit-test";
		};
		3BE5244B2F7E0D1E002D77DE /* KeyTipUITests */ = {
			isa = PBXNativeTarget;
			buildConfigurationList = 3BE5245C2F7E0D1E002D77DE /* Build configuration list for PBXNativeTarget "KeyTipUITests" */;
			buildPhases = (
				3BE524482F7E0D1E002D77DE /* Sources */,
				3BE524492F7E0D1E002D77DE /* Frameworks */,
				3BE5244A2F7E0D1E002D77DE /* Resources */,
			);
			buildRules = (
			);
			dependencies = (
				3BE5244E2F7E0D1E002D77DE /* PBXTargetDependency */,
			);
			fileSystemSynchronizedGroups = (
				3BE5244F2F7E0D1E002D77DE /* KeyTipUITests */,
			);
			name = KeyTipUITests;
			packageProductDependencies = (
			);
			productName = KeyTipUITests;
			productReference = 3BE5244C2F7E0D1E002D77DE /* KeyTipUITests.xctest */;
			productType = "com.apple.product-type.bundle.ui-testing";
		};
/* End PBXNativeTarget section */

/* Begin PBXProject section */
		3BE5242A2F7E0D1D002D77DE /* Project object */ = {
			isa = PBXProject;
			attributes = {
				BuildIndependentTargetsInParallel = 1;
				LastSwiftUpdateCheck = 1640;
				LastUpgradeCheck = 1640;
				TargetAttributes = {
					3BE524312F7E0D1D002D77DE = {
						CreatedOnToolsVersion = 16.4;
					};
					3BE524412F7E0D1E002D77DE = {
						CreatedOnToolsVersion = 16.4;
						TestTargetID = 3BE524312F7E0D1D002D77DE;
					};
					3BE5244B2F7E0D1E002D77DE = {
						CreatedOnToolsVersion = 16.4;
						TestTargetID = 3BE524312F7E0D1D002D77DE;
					};
				};
			};
			buildConfigurationList = 3BE5242D2F7E0D1D002D77DE /* Build configuration list for PBXProject "KeyTip" */;
			developmentRegion = en;
			hasScannedForEncodings = 0;
			knownRegions = (
				en,
				Base,
			);
			mainGroup = 3BE524292F7E0D1D002D77DE;
			minimizedProjectReferenceProxies = 1;
			preferredProjectObjectVersion = 77;
			productRefGroup = 3BE524332F7E0D1D002D77DE /* Products */;
			projectDirPath = "";
			projectRoot = "";
			targets = (
				3BE524312F7E0D1D002D77DE /* KeyTip */,
				3BE524412F7E0D1E002D77DE /* KeyTipTests */,
				3BE5244B2F7E0D1E002D77DE /* KeyTipUITests */,
			);
		};
/* End PBXProject section */

/* Begin PBXResourcesBuildPhase section */
		3BE524302F7E0D1D002D77DE /* Resources */ = {
			isa = PBXResourcesBuildPhase;
			buildActionMask = 2147483647;
			files = (
			);
			runOnlyForDeploymentPostprocessing = 0;
		};
		3BE524402F7E0D1E002D77DE /* Resources */ = {
			isa = PBXResourcesBuildPhase;
			buildActionMask = 2147483647;
			files = (
			);
			runOnlyForDeploymentPostprocessing = 0;
		};
		3BE5244A2F7E0D1E002D77DE /* Resources */ = {
			isa = PBXResourcesBuildPhase;
			buildActionMask = 2147483647;
			files = (
			);
			runOnlyForDeploymentPostprocessing = 0;
		};
/* End PBXResourcesBuildPhase section */

/* Begin PBXSourcesBuildPhase section */
		3BE5242E2F7E0D1D002D77DE /* Sources */ = {
			isa = PBXSourcesBuildPhase;
			buildActionMask = 2147483647;
			files = (
			);
			runOnlyForDeploymentPostprocessing = 0;
		};
		3BE5243E2F7E0D1E002D77DE /* Sources */ = {
			isa = PBXSourcesBuildPhase;
			buildActionMask = 2147483647;
			files = (
			);
			runOnlyForDeploymentPostprocessing = 0;
		};
		3BE524482F7E0D1E002D77DE /* Sources */ = {
			isa = PBXSourcesBuildPhase;
			buildActionMask = 2147483647;
			files = (
			);
			runOnlyForDeploymentPostprocessing = 0;
		};
/* End PBXSourcesBuildPhase section */

/* Begin PBXTargetDependency section */
		3BE524442F7E0D1E002D77DE /* PBXTargetDependency */ = {
			isa = PBXTargetDependency;
			target = 3BE524312F7E0D1D002D77DE /* KeyTip */;
			targetProxy = 3BE524432F7E0D1E002D77DE /* PBXContainerItemProxy */;
		};
		3BE5244E2F7E0D1E002D77DE /* PBXTargetDependency */ = {
			isa = PBXTargetDependency;
			target = 3BE524312F7E0D1D002D77DE /* KeyTip */;
			targetProxy = 3BE5244D2F7E0D1E002D77DE /* PBXContainerItemProxy */;
		};
/* End PBXTargetDependency section */

/* Begin XCBuildConfiguration section */
		3BE524542F7E0D1E002D77DE /* Debug */ = {
			isa = XCBuildConfiguration;
			buildSettings = {
				ALWAYS_SEARCH_USER_PATHS = NO;
				ASSETCATALOG_COMPILER_GENERATE_SWIFT_ASSET_SYMBOL_EXTENSIONS = YES;
				CLANG_ANALYZER_NONNULL = YES;
				CLANG_ANALYZER_NUMBER_OBJECT_CONVERSION = YES_AGGRESSIVE;
				CLANG_CXX_LANGUAGE_STANDARD = "gnu++20";
				CLANG_ENABLE_MODULES = YES;
				CLANG_ENABLE_OBJC_ARC = YES;
				CLANG_ENABLE_OBJC_WEAK = YES;
				CLANG_WARN_BLOCK_CAPTURE_AUTORELEASING = YES;
				CLANG_WARN_BOOL_CONVERSION = YES;
				CLANG_WARN_COMMA = YES;
				CLANG_WARN_CONSTANT_CONVERSION = YES;
				CLANG_WARN_DEPRECATED_OBJC_IMPLEMENTATIONS = YES;
				CLANG_WARN_DIRECT_OBJC_ISA_USAGE = YES_ERROR;
				CLANG_WARN_DOCUMENTATION_COMMENTS = YES;
				CLANG_WARN_EMPTY_BODY = YES;
				CLANG_WARN_ENUM_CONVERSION = YES;
				CLANG_WARN_INFINITE_RECURSION = YES;
				CLANG_WARN_INT_CONVERSION = YES;
				CLANG_WARN_NON_LITERAL_NULL_CONVERSION = YES;
				CLANG_WARN_OBJC_IMPLICIT_RETAIN_SELF = YES;
				CLANG_WARN_OBJC_LITERAL_CONVERSION = YES;
				CLANG_WARN_OBJC_ROOT_CLASS = YES_ERROR;
				CLANG_WARN_QUOTED_INCLUDE_IN_FRAMEWORK_HEADER = YES;
				CLANG_WARN_RANGE_LOOP_ANALYSIS = YES;
				CLANG_WARN_STRICT_PROTOTYPES = YES;
				CLANG_WARN_SUSPICIOUS_MOVE = YES;
				CLANG_WARN_UNGUARDED_AVAILABILITY = YES_AGGRESSIVE;
				CLANG_WARN_UNREACHABLE_CODE = YES;
				CLANG_WARN__DUPLICATE_METHOD_MATCH = YES;
				COPY_PHASE_STRIP = NO;
				DEBUG_INFORMATION_FORMAT = dwarf;
				DEVELOPMENT_TEAM = LN3C9UHWC9;
				ENABLE_STRICT_OBJC_MSGSEND = YES;
				ENABLE_TESTABILITY = YES;
				ENABLE_USER_SCRIPT_SANDBOXING = YES;
				GCC_C_LANGUAGE_STANDARD = gnu17;
				GCC_DYNAMIC_NO_PIC = NO;
				GCC_NO_COMMON_BLOCKS = YES;
				GCC_OPTIMIZATION_LEVEL = 0;
				GCC_PREPROCESSOR_DEFINITIONS = (
					"DEBUG=1",
					"$(inherited)",
				);
				GCC_WARN_64_TO_32_BIT_CONVERSION = YES;
				GCC_WARN_ABOUT_RETURN_TYPE = YES_ERROR;
				GCC_WARN_UNDECLARED_SELECTOR = YES;
				GCC_WARN_UNINITIALIZED_AUTOS = YES_AGGRESSIVE;
				GCC_WARN_UNUSED_FUNCTION = YES;
				GCC_WARN_UNUSED_VARIABLE = YES;
				LOCALIZATION_PREFERS_STRING_CATALOGS = YES;
				MACOSX_DEPLOYMENT_TARGET = 15.5;
				MTL_ENABLE_DEBUG_INFO = INCLUDE_SOURCE;
				MTL_FAST_MATH = YES;
				ONLY_ACTIVE_ARCH = YES;
				SDKROOT = macosx;
				SWIFT_ACTIVE_COMPILATION_CONDITIONS = "DEBUG $(inherited)";
				SWIFT_OPTIMIZATION_LEVEL = "-Onone";
			};
			name = Debug;
		};
		3BE524552F7E0D1E002D77DE /* Release */ = {
			isa = XCBuildConfiguration;
			buildSettings = {
				ALWAYS_SEARCH_USER_PATHS = NO;
				ASSETCATALOG_COMPILER_GENERATE_SWIFT_ASSET_SYMBOL_EXTENSIONS = YES;
				CLANG_ANALYZER_NONNULL = YES;
				CLANG_ANALYZER_NUMBER_OBJECT_CONVERSION = YES_AGGRESSIVE;
				CLANG_CXX_LANGUAGE_STANDARD = "gnu++20";
				CLANG_ENABLE_MODULES = YES;
				CLANG_ENABLE_OBJC_ARC = YES;
				CLANG_ENABLE_OBJC_WEAK = YES;
				CLANG_WARN_BLOCK_CAPTURE_AUTORELEASING = YES;
				CLANG_WARN_BOOL_CONVERSION = YES;
				CLANG_WARN_COMMA = YES;
				CLANG_WARN_CONSTANT_CONVERSION = YES;
				CLANG_WARN_DEPRECATED_OBJC_IMPLEMENTATIONS = YES;
				CLANG_WARN_DIRECT_OBJC_ISA_USAGE = YES_ERROR;
				CLANG_WARN_DOCUMENTATION_COMMENTS = YES;
				CLANG_WARN_EMPTY_BODY = YES;
				CLANG_WARN_ENUM_CONVERSION = YES;
				CLANG_WARN_INFINITE_RECURSION = YES;
				CLANG_WARN_INT_CONVERSION = YES;
				CLANG_WARN_NON_LITERAL_NULL_CONVERSION = YES;
				CLANG_WARN_OBJC_IMPLICIT_RETAIN_SELF = YES;
				CLANG_WARN_OBJC_LITERAL_CONVERSION = YES;
				CLANG_WARN_OBJC_ROOT_CLASS = YES_ERROR;
				CLANG_WARN_QUOTED_INCLUDE_IN_FRAMEWORK_HEADER = YES;
				CLANG_WARN_RANGE_LOOP_ANALYSIS = YES;
				CLANG_WARN_STRICT_PROTOTYPES = YES;
				CLANG_WARN_SUSPICIOUS_MOVE = YES;
				CLANG_WARN_UNGUARDED_AVAILABILITY = YES_AGGRESSIVE;
				CLANG_WARN_UNREACHABLE_CODE = YES;
				CLANG_WARN__DUPLICATE_METHOD_MATCH = YES;
				COPY_PHASE_STRIP = NO;
				DEBUG_INFORMATION_FORMAT = "dwarf-with-dsym";
				DEVELOPMENT_TEAM = LN3C9UHWC9;
				ENABLE_NS_ASSERTIONS = NO;
				ENABLE_STRICT_OBJC_MSGSEND = YES;
				ENABLE_USER_SCRIPT_SANDBOXING = YES;
				GCC_C_LANGUAGE_STANDARD = gnu17;
				GCC_NO_COMMON_BLOCKS = YES;
				GCC_WARN_64_TO_32_BIT_CONVERSION = YES;
				GCC_WARN_ABOUT_RETURN_TYPE = YES_ERROR;
				GCC_WARN_UNDECLARED_SELECTOR = YES;
				GCC_WARN_UNINITIALIZED_AUTOS = YES_AGGRESSIVE;
				GCC_WARN_UNUSED_FUNCTION = YES;
				GCC_WARN_UNUSED_VARIABLE = YES;
				LOCALIZATION_PREFERS_STRING_CATALOGS = YES;
				MACOSX_DEPLOYMENT_TARGET = 15.5;
				MTL_ENABLE_DEBUG_INFO = NO;
				MTL_FAST_MATH = YES;
				SDKROOT = macosx;
				SWIFT_COMPILATION_MODE = wholemodule;
			};
			name = Release;
		};
		3BE524572F7E0D1E002D77DE /* Debug */ = {
			isa = XCBuildConfiguration;
			buildSettings = {
				ASSETCATALOG_COMPILER_APPICON_NAME = AppIcon;
				ASSETCATALOG_COMPILER_GLOBAL_ACCENT_COLOR_NAME = AccentColor;
				CODE_SIGN_ENTITLEMENTS = KeyTip/KeyTip.entitlements;
				CODE_SIGN_STYLE = Automatic;
				COMBINE_HIDPI_IMAGES = YES;
				CURRENT_PROJECT_VERSION = 1;
				DEVELOPMENT_TEAM = LN3C9UHWC9;
				ENABLE_HARDENED_RUNTIME = YES;
				ENABLE_PREVIEWS = YES;
				GENERATE_INFOPLIST_FILE = YES;
				INFOPLIST_KEY_NSHumanReadableCopyright = "";
				LD_RUNPATH_SEARCH_PATHS = (
					"$(inherited)",
					"@executable_path/../Frameworks",
				);
				MACOSX_DEPLOYMENT_TARGET = 14.0;
				MARKETING_VERSION = 1.0;
				PRODUCT_BUNDLE_IDENTIFIER = conjee.KeyTip;
				PRODUCT_NAME = "$(TARGET_NAME)";
				REGISTER_APP_GROUPS = YES;
				SWIFT_EMIT_LOC_STRINGS = YES;
				SWIFT_VERSION = 5.0;
			};
			name = Debug;
		};
		3BE524582F7E0D1E002D77DE /* Release */ = {
			isa = XCBuildConfiguration;
			buildSettings = {
				ASSETCATALOG_COMPILER_APPICON_NAME = AppIcon;
				ASSETCATALOG_COMPILER_GLOBAL_ACCENT_COLOR_NAME = AccentColor;
				CODE_SIGN_ENTITLEMENTS = KeyTip/KeyTip.entitlements;
				CODE_SIGN_STYLE = Automatic;
				COMBINE_HIDPI_IMAGES = YES;
				CURRENT_PROJECT_VERSION = 1;
				DEVELOPMENT_TEAM = LN3C9UHWC9;
				ENABLE_HARDENED_RUNTIME = YES;
				ENABLE_PREVIEWS = YES;
				GENERATE_INFOPLIST_FILE = YES;
				INFOPLIST_KEY_NSHumanReadableCopyright = "";
				LD_RUNPATH_SEARCH_PATHS = (
					"$(inherited)",
					"@executable_path/../Frameworks",
				);
				MACOSX_DEPLOYMENT_TARGET = 14.0;
				MARKETING_VERSION = 1.0;
				PRODUCT_BUNDLE_IDENTIFIER = conjee.KeyTip;
				PRODUCT_NAME = "$(TARGET_NAME)";
				REGISTER_APP_GROUPS = YES;
				SWIFT_EMIT_LOC_STRINGS = YES;
				SWIFT_VERSION = 5.0;
			};
			name = Release;
		};
		3BE5245A2F7E0D1E002D77DE /* Debug */ = {
			isa = XCBuildConfiguration;
			buildSettings = {
				BUNDLE_LOADER = "$(TEST_HOST)";
				CODE_SIGN_STYLE = Automatic;
				CURRENT_PROJECT_VERSION = 1;
				DEVELOPMENT_TEAM = LN3C9UHWC9;
				GENERATE_INFOPLIST_FILE = YES;
				MACOSX_DEPLOYMENT_TARGET = 14.0;
				MARKETING_VERSION = 1.0;
				PRODUCT_BUNDLE_IDENTIFIER = conjee.KeyTipTests;
				PRODUCT_NAME = "$(TARGET_NAME)";
				SWIFT_EMIT_LOC_STRINGS = NO;
				SWIFT_VERSION = 5.0;
				TEST_HOST = "$(BUILT_PRODUCTS_DIR)/KeyTip.app/$(BUNDLE_EXECUTABLE_FOLDER_PATH)/KeyTip";
			};
			name = Debug;
		};
		3BE5245B2F7E0D1E002D77DE /* Release */ = {
			isa = XCBuildConfiguration;
			buildSettings = {
				BUNDLE_LOADER = "$(TEST_HOST)";
				CODE_SIGN_STYLE = Automatic;
				CURRENT_PROJECT_VERSION = 1;
				DEVELOPMENT_TEAM = LN3C9UHWC9;
				GENERATE_INFOPLIST_FILE = YES;
				MACOSX_DEPLOYMENT_TARGET = 14.0;
				MARKETING_VERSION = 1.0;
				PRODUCT_BUNDLE_IDENTIFIER = conjee.KeyTipTests;
				PRODUCT_NAME = "$(TARGET_NAME)";
				SWIFT_EMIT_LOC_STRINGS = NO;
				SWIFT_VERSION = 5.0;
				TEST_HOST = "$(BUILT_PRODUCTS_DIR)/KeyTip.app/$(BUNDLE_EXECUTABLE_FOLDER_PATH)/KeyTip";
			};
			name = Release;
		};
		3BE5245D2F7E0D1E002D77DE /* Debug */ = {
			isa = XCBuildConfiguration;
			buildSettings = {
				CODE_SIGN_STYLE = Automatic;
				CURRENT_PROJECT_VERSION = 1;
				DEVELOPMENT_TEAM = LN3C9UHWC9;
				GENERATE_INFOPLIST_FILE = YES;
				MARKETING_VERSION = 1.0;
				PRODUCT_BUNDLE_IDENTIFIER = conjee.KeyTipUITests;
				PRODUCT_NAME = "$(TARGET_NAME)";
				SWIFT_EMIT_LOC_STRINGS = NO;
				SWIFT_VERSION = 5.0;
				TEST_TARGET_NAME = KeyTip;
			};
			name = Debug;
		};
		3BE5245E2F7E0D1E002D77DE /* Release */ = {
			isa = XCBuildConfiguration;
			buildSettings = {
				CODE_SIGN_STYLE = Automatic;
				CURRENT_PROJECT_VERSION = 1;
				DEVELOPMENT_TEAM = LN3C9UHWC9;
				GENERATE_INFOPLIST_FILE = YES;
				MARKETING_VERSION = 1.0;
				PRODUCT_BUNDLE_IDENTIFIER = conjee.KeyTipUITests;
				PRODUCT_NAME = "$(TARGET_NAME)";
				SWIFT_EMIT_LOC_STRINGS = NO;
				SWIFT_VERSION = 5.0;
				TEST_TARGET_NAME = KeyTip;
			};
			name = Release;
		};
/* End XCBuildConfiguration section */

/* Begin XCConfigurationList section */
		3BE5242D2F7E0D1D002D77DE /* Build configuration list for PBXProject "KeyTip" */ = {
			isa = XCConfigurationList;
			buildConfigurations = (
				3BE524542F7E0D1E002D77DE /* Debug */,
				3BE524552F7E0D1E002D77DE /* Release */,
			);
			defaultConfigurationIsVisible = 0;
			defaultConfigurationName = Release;
		};
		3BE524562F7E0D1E002D77DE /* Build configuration list for PBXNativeTarget "KeyTip" */ = {
			isa = XCConfigurationList;
			buildConfigurations = (
				3BE524572F7E0D1E002D77DE /* Debug */,
				3BE524582F7E0D1E002D77DE /* Release */,
			);
			defaultConfigurationIsVisible = 0;
			defaultConfigurationName = Release;
		};
		3BE524592F7E0D1E002D77DE /* Build configuration list for PBXNativeTarget "KeyTipTests" */ = {
			isa = XCConfigurationList;
			buildConfigurations = (
				3BE5245A2F7E0D1E002D77DE /* Debug */,
				3BE5245B2F7E0D1E002D77DE /* Release */,
			);
			defaultConfigurationIsVisible = 0;
			defaultConfigurationName = Release;
		};
		3BE5245C2F7E0D1E002D77DE /* Build configuration list for PBXNativeTarget "KeyTipUITests" */ = {
			isa = XCConfigurationList;
			buildConfigurations = (
				3BE5245D2F7E0D1E002D77DE /* Debug */,
				3BE5245E2F7E0D1E002D77DE /* Release */,
			);
			defaultConfigurationIsVisible = 0;
			defaultConfigurationName = Release;
		};
/* End XCConfigurationList section */
	};
	rootObject = 3BE5242A2F7E0D1D002D77DE /* Project object */;
}
